
Microsoft Visual Studio Solution File, Format Version 12.00
# Visual Studio Version 16
VisualStudioVersion = 16.0.32630.194
MinimumVisualStudioVersion = 10.0.40219.1
Project("{FAE04EC0-301F-11D3-BF4B-00C04F79EFBC}") = "Task1", "Task1\Task1.csproj", "{70168F3F-AD30-4F00-987C-83C9DAF71290}"
EndProject
Project("{FAE04EC0-301F-11D3-BF4B-00C04F79EFBC}") = "Task2", "Task2\Task2.csproj", "{2DA45BC8-4F21-4381-A298-F2A5AEF98E0B}"
EndProject
Project("{FAE04EC0-301F-11D3-BF4B-00C04F79EFBC}") = "Task3", "Task3\Task3.csproj", "{CDDA7EC9-EEB3-4DF2-8BDE-86F2606E4E7D}"
EndProject
Global
	GlobalSection(SolutionConfigurationPlatforms) = preSolution
		Debug|Any CPU = Debug|Any CPU
		Release|Any CPU = Release|Any CPU
	EndGlobalSection
	GlobalSection(ProjectConfigurationPlatforms) = postSolution
		{70168F3F-AD30-4F00-987C-83C9DAF71290}.Debug|Any CPU.ActiveCfg = Debug|Any CPU
		{70168F3F-AD30-4F00-987C-83C9DAF71290}.Debug|Any CPU.Build.0 = Debug|Any CPU
		{70168F3F-AD30-4F00-987C-83C9DAF71290}.Release|Any CPU.ActiveCfg = Release|Any CPU
		{70168F3F-AD30-4F00-987C-83C9DAF71290}.Release|Any CPU.Build.0 = Release|Any CPU
		{2DA45BC8-4F21-4381-A298-F2A5AEF98E0B}.Debug|Any CPU.ActiveCfg = Debug|Any CPU
		{2DA45BC8-4F21-4381-A298-F2A5AEF98E0B}.Debug|Any CPU.Build.0 = Debug|Any CPU
		{2DA45BC8-4F21-4381-A298-F2A5AEF98E0B}.Release|Any CPU.ActiveCfg = Release|Any CPU
		{2DA45BC8-4F21-4381-A298-F2A5AEF98E0B}.Release|Any CPU.Build.0 = Release|Any CPU
		{CDDA7EC9-EEB3-4DF2-8BDE-86F2606E4E7D}.Debug|Any CPU.ActiveCfg = Debug|Any CPU
		{CDDA7EC9-EEB3-4DF2-8BDE-86F2606E4E7D}.Debug|Any CPU.Build.0 = Debug|Any CPU
		{CDDA7EC9-EEB3-4DF2-8BDE-86F2606E4E7D}.Release|Any CPU.ActiveCfg = Release|Any CPU
		{CDDA7EC9-EEB3-4DF2-8BDE-86F2606E4E7D}.Release|Any CPU.Build.0 = Release|Any CPU
	EndGlobalSection
	GlobalSection(SolutionProperties) = preSolution
		HideSolutionNode = FALSE
	EndGlobalSection
	GlobalSection(ExtensibilityGlobals) = postSolution
		SolutionGuid = {CFD250B1-18DF-4963-A058-3B7A50A4D3B6}
	EndGlobalSection
EndGlobal
